
Microsoft Visual Studio Solution File, Format Version 12.00
# Visual Studio 14
VisualStudioVersion = 14.0.25420.1
MinimumVisualStudioVersion = 10.0.40219.1
Project("{2150E333-8FDC-42A3-9474-1A3956D46DE8}") = "src", "src", "{3088B49D-5C0A-41E7-B15F-62FCE1F67985}"
EndProject
Project("{2150E333-8FDC-42A3-9474-1A3956D46DE8}") = "Solution Items", "Solution Items", "{9AE4926B-3353-4BBA-9AE5-0734AC342C7D}"
	ProjectSection(SolutionItems) = preProject
		global.json = global.json
	EndProjectSection
EndProject
Project("{8BB2217D-0F2D-49D1-97BC-3654ED321F3B}") = "BugBot", "src\BugBot\BugBot.xproj", "{CD9AD407-E414-4F10-9A0B-159AF246154B}"
EndProject
Project("{2150E333-8FDC-42A3-9474-1A3956D46DE8}") = "test", "test", "{2CE41D6F-6ED9-4BA2-84D2-23B4880EE71B}"
EndProject
Project("{8BB2217D-0F2D-49D1-97BC-3654ED321F3B}") = "BugBot.Test", "test\BugBot.Test\BugBot.Test.xproj", "{322C94E5-7964-42E2-A2B1-7864AD4A89B6}"
EndProject
Global
	GlobalSection(SolutionConfigurationPlatforms) = preSolution
		Debug|Any CPU = Debug|Any CPU
		Release|Any CPU = Release|Any CPU
	EndGlobalSection
	GlobalSection(ProjectConfigurationPlatforms) = postSolution
		{CD9AD407-E414-4F10-9A0B-159AF246154B}.Debug|Any CPU.ActiveCfg = Debug|Any CPU
		{CD9AD407-E414-4F10-9A0B-159AF246154B}.Debug|Any CPU.Build.0 = Debug|Any CPU
		{CD9AD407-E414-4F10-9A0B-159AF246154B}.Release|Any CPU.ActiveCfg = Release|Any CPU
		{CD9AD407-E414-4F10-9A0B-159AF246154B}.Release|Any CPU.Build.0 = Release|Any CPU
		{322C94E5-7964-42E2-A2B1-7864AD4A89B6}.Debug|Any CPU.ActiveCfg = Debug|Any CPU
		{322C94E5-7964-42E2-A2B1-7864AD4A89B6}.Debug|Any CPU.Build.0 = Debug|Any CPU
		{322C94E5-7964-42E2-A2B1-7864AD4A89B6}.Release|Any CPU.ActiveCfg = Release|Any CPU
		{322C94E5-7964-42E2-A2B1-7864AD4A89B6}.Release|Any CPU.Build.0 = Release|Any CPU
	EndGlobalSection
	GlobalSection(SolutionProperties) = preSolution
		HideSolutionNode = FALSE
	EndGlobalSection
	GlobalSection(NestedProjects) = preSolution
		{CD9AD407-E414-4F10-9A0B-159AF246154B} = {3088B49D-5C0A-41E7-B15F-62FCE1F67985}
		{322C94E5-7964-42E2-A2B1-7864AD4A89B6} = {2CE41D6F-6ED9-4BA2-84D2-23B4880EE71B}
	EndGlobalSection
EndGlobal
